<Project xmlns="http://schemas.microsoft.com/developer/msbuild/2003">
    <PropertyGroup>
        <ProjectGuid>{E9BEC8D0-8D68-4E86-8D07-4C0A26B612A1}</ProjectGuid>
        <MainSource>HiMECSWatch2.dpr</MainSource>
        <ProjectVersion>15.3</ProjectVersion>
        <Base>True</Base>
        <Config Condition="'$(Config)'==''">Debug</Config>
        <AppType>Application</AppType>
        <FrameworkType>VCL</FrameworkType>
        <DCC_DCCCompiler>DCC32</DCC_DCCCompiler>
        <Platform Condition="'$(Platform)'==''">Win32</Platform>
        <TargetedPlatforms>1</TargetedPlatforms>
    </PropertyGroup>
    <PropertyGroup Condition="'$(Config)'=='Base' or '$(Base)'!=''">
        <Base>true</Base>
    </PropertyGroup>
    <PropertyGroup Condition="('$(Platform)'=='Win32' and '$(Base)'=='true') or '$(Base_Win32)'!=''">
        <Base_Win32>true</Base_Win32>
        <CfgParent>Base</CfgParent>
        <Base>true</Base>
    </PropertyGroup>
    <PropertyGroup Condition="('$(Platform)'=='Win64' and '$(Base)'=='true') or '$(Base_Win64)'!=''">
        <Base_Win64>true</Base_Win64>
        <CfgParent>Base</CfgParent>
        <Base>true</Base>
    </PropertyGroup>
    <PropertyGroup Condition="'$(Config)'=='Debug' or '$(Cfg_1)'!=''">
        <Cfg_1>true</Cfg_1>
        <CfgParent>Base</CfgParent>
        <Base>true</Base>
    </PropertyGroup>
    <PropertyGroup Condition="('$(Platform)'=='Win32' and '$(Cfg_1)'=='true') or '$(Cfg_1_Win32)'!=''">
        <Cfg_1_Win32>true</Cfg_1_Win32>
        <CfgParent>Cfg_1</CfgParent>
        <Cfg_1>true</Cfg_1>
        <Base>true</Base>
    </PropertyGroup>
    <PropertyGroup Condition="'$(Config)'=='Release' or '$(Cfg_2)'!=''">
        <Cfg_2>true</Cfg_2>
        <CfgParent>Base</CfgParent>
        <Base>true</Base>
    </PropertyGroup>
    <PropertyGroup Condition="('$(Platform)'=='Win32' and '$(Cfg_2)'=='true') or '$(Cfg_2_Win32)'!=''">
        <Cfg_2_Win32>true</Cfg_2_Win32>
        <CfgParent>Cfg_2</CfgParent>
        <Cfg_2>true</Cfg_2>
        <Base>true</Base>
    </PropertyGroup>
    <PropertyGroup Condition="'$(Base)'!=''">
        <DCC_UsePackage>tmsxlsdxe2;tmsdedxe2;tmsdxe2;tmswizdxe2;IocompDelphiXE2;NxAddonsRun_xe2;NxCollectionDsgn_xe2;NxCollectionRun_xe2;NxCommonDsgn_xe2;NxCommonRun_xe2;NxDBGridDsgn_xe2;NxDBGridRun_xe2;NxGridDsgn_xe2;NxGridRun_xe2;NxInspectorDsgn_xe2;NxInspectorRun_xe2;NxSheetRun_xe2;CPortLibDXE;DsgnCPortDXE;cepack;dclDelphiModbusXE2;DelphiModbusXE2;ggbar;ggbutton;ggUtil;SivakSQLite3;$(DCC_UsePackage)</DCC_UsePackage>
        <VerInfo_Locale>1042</VerInfo_Locale>
        <VerInfo_Keys>CompanyName=;FileDescription=;FileVersion=1.0.0.0;InternalName=;LegalCopyright=;LegalTrademarks=;OriginalFilename=;ProductName=;ProductVersion=1.0.0.0;Comments=</VerInfo_Keys>
        <DCC_Namespace>Vcl;Vcl.Imaging;Vcl.Touch;Vcl.Samples;Vcl.Shell;System;Xml;Data;Datasnap;Web;Soap;Winapi;$(DCC_Namespace)</DCC_Namespace>
        <UsePackages>true</UsePackages>
        <DCC_ImageBase>00400000</DCC_ImageBase>
        <DCC_DcuOutput>.\$(Config)\$(Platform)</DCC_DcuOutput>
        <DCC_ExeOutput>.\$(Config)\$(Platform)</DCC_ExeOutput>
        <DCC_E>false</DCC_E>
        <DCC_N>false</DCC_N>
        <DCC_S>false</DCC_S>
        <DCC_F>false</DCC_F>
        <DCC_K>false</DCC_K>
    </PropertyGroup>
    <PropertyGroup Condition="'$(Base_Win32)'!=''">
        <Icon_MainIcon>HiMECS_Watch2p_Icon.ico</Icon_MainIcon>
        <Debugger_RunParams>/p201111281040154993</Debugger_RunParams>
        <DCC_Namespace>System.Win;Data.Win;Datasnap.Win;Web.Win;Soap.Win;Xml.Win;Bde;$(DCC_Namespace)</DCC_Namespace>
        <VerInfo_IncludeVerInfo>true</VerInfo_IncludeVerInfo>
        <VerInfo_Locale>1033</VerInfo_Locale>
        <Manifest_File>$(BDS)\bin\default_app.manifest</Manifest_File>
    </PropertyGroup>
    <PropertyGroup Condition="'$(Base_Win64)'!=''">
        <Icon_MainIcon>HiMECS_Watch2p_Icon.ico</Icon_MainIcon>
        <Manifest_File>$(BDS)\bin\default_app.manifest</Manifest_File>
    </PropertyGroup>
    <PropertyGroup Condition="'$(Cfg_1)'!=''">
        <DCC_ExeOutput>C:\pjh\project\util\HiMECS\Application\Bin\Applications\</DCC_ExeOutput>
        <DCC_Optimize>false</DCC_Optimize>
        <DCC_Define>DEBUG;$(DCC_Define)</DCC_Define>
        <DCC_GenerateStackFrames>true</DCC_GenerateStackFrames>
        <DCC_UnitSearchPath>C:\pjh\project\Common\DeCAL;C:\pjh\project\util\HiMECS\Application\Utility\ModbusComm_kumo\common;C:\pjh\project\util\HiMECS\Application\Utility\Watch2\common;C:\pjh\project\util\GasEngineMonitoring\modbus_comm_avat\common;C:\pjh\project\util\GasEngineMonitoring\gui\common;C:\pjh\project\util\HiMECS\Application\Utility\CommonFrame;C:\pjh\project\Common;C:\pjh\project\util\HiMECS\Application\Source\Common;$(DCC_UnitSearchPath)</DCC_UnitSearchPath>
    </PropertyGroup>
    <PropertyGroup Condition="'$(Cfg_1_Win32)'!=''">
        <Debugger_RunParams>/p&quot;E:\pjh\Dev\Lang\Delphi\Project\HiMECS2\Bin\WatchList\ME\MAN\ME-GI\MK2\MOP\MK2&quot; /OneForm</Debugger_RunParams>
        <Debugger_DebugSourcePath>E:\pjh\vcl\pjhComponent\xIOComp\;$(Debugger_DebugSourcePath)</Debugger_DebugSourcePath>
        <DCC_Define>DEF_CRYPT_ALL;HIMECS_VER_2;MAX_SQLFIELDS_256;$(DCC_Define)</DCC_Define>
        <DCC_DcuOutput>Y:\pjh\Dcu\Win32\$(MSBuildProjectName)</DCC_DcuOutput>
        <DCC_ExeOutput>E:\pjh\Dev\Lang\Delphi\Project\HiMECS2\Bin\Applications\</DCC_ExeOutput>
        <DCC_UsePackage>NxSheetRun_dxe5;NxCollectionDsgn_dxe5;NxCollectionRun_dxe5;NxCommonDsgn_dxe5;NxCommonRun_dxe5;NxDBGridDsgn_dxe5;NxDBGridRun_dxe5;NxGridDsgn_dxe5;NxGridRun_dxe5;NxInspectorDsgn_dxe5;NxInspectorRun_dxe5;jvCore</DCC_UsePackage>
        <DCC_UnitSearchPath>E:\pjh\Dev\Lang\Delphi\OpenSrc\lib\mORMot2-master\src;E:\pjh\Dev\Lang\Delphi\OpenSrc\lib\mORMot2-master\src\core;E:\pjh\Dev\Lang\Delphi\OpenSrc\lib\mORMot2-master\src\crypt;E:\pjh\Dev\Lang\Delphi\OpenSrc\lib\mORMot2-master\src\db;E:\pjh\Dev\Lang\Delphi\OpenSrc\lib\mORMot2-master\src\ddd;E:\pjh\Dev\Lang\Delphi\OpenSrc\lib\mORMot2-master\src\lib;E:\pjh\Dev\Lang\Delphi\OpenSrc\lib\mORMot2-master\src\misc;E:\pjh\Dev\Lang\Delphi\OpenSrc\lib\mORMot2-master\src\net;E:\pjh\Dev\Lang\Delphi\OpenSrc\lib\mORMot2-master\src\orm;E:\pjh\Dev\Lang\Delphi\OpenSrc\lib\mORMot2-master\src\rest;E:\pjh\Dev\Lang\Delphi\OpenSrc\lib\mORMot2-master\src\soa;E:\pjh\project\OpenSrc\lib\bcrypt-for-delphi-master;E:\pjh\project\OpenSrc\lib\scrypt-for-delphi-master;E:\pjh\project\util\HiMECS\Application\Utility\ModbusComm_kumo\common;E:\pjh\project\util\HiMECS\Application\Utility\Watch2\common;E:\pjh\project\util\HiMECS\Application\Utility\CommonFrame;E:\pjh\project\Common;E:\pjh\project\util\VisualComm\Component;E:\pjh\project\util\HiMECS\Application\Utility\ModbusComm_내구시험장;E:\pjh\project\util\HiMECS\Application\Utility\ModbusComm_HIC;E:\pjh\vcl\Graphics32;E:\pjh\project\OpenSrc\lib\TSmBios\Common;E:\pjh\project\OpenSrc\lib\Cromis\IPC;E:\pjh\Dev\Lang\Delphi\OpenSrc\lib\x-superobject-master;E:\pjh\Dev\Lang\Delphi\Common;E:\pjh\project\util\HiMECS\Application\Source\Common;E:\pjh\Dev\Lang\Delphi\Project\HiMECS2\Utility\HiMECS_Common;E:\pjh\Dev\Lang\Delphi\Project\NoGitHub\win32\Debug;E:\pjh\Dev\Lang\Delphi\NoGitHub\Frame2;E:\pjh\Dev\Lang\Delphi\NoGitHub\RecordUnit2\HIMECS;E:\pjh\Dev\Lang\Delphi\NoGitHub\RegCodeManager2;E:\pjh\Dev\Lang\Delphi\NoGitHub\RegCodeManager2\Common;E:\pjh\Dev\Lang\Delphi\NoGitHub\RegisterPas2;E:\pjh\Dev\Lang\Delphi\NoGitHub\Util;E:\pjh\Dev\Lang\Delphi\NoGitHub\RecordUnit2\Common;E:\pjh\project\util\HiMECS\Application\Utility\ModbusComm_HIC\common;E:\pjh\project\OpenSrc\lib\delphistompclient-master;E:\pjh\Dev\Lang\Delphi\Project\HiMECS2\Utility\HiMECS_Watch;E:\pjh\project\OpenSrc\lib\DeCAL;E:\pjh\project\OpenSrc\lib\OmniXML;E:\pjh\project\OpenSrc\lib\OmniXML\extras;E:\pjh\project\OpenSrc\lib\JEDI API 2.3 and JEDI WSCL 0.9.3\jwa\branches\2.3\Win32API;E:\pjh\project\OpenSrc\lib\robstechcorner\rtti;E:\pjh\project\OpenSrc\lib\OmniThreadLibrary;E:\pjh\project\OpenSrc\lib\OmniThreadLibrary\src;E:\pjh\Dev\Lang\Delphi\OpenSrc\lib\GpDelphiUnit\src;E:\pjh\Dev\Lang\Delphi\OpenSrc\lib\JEDI API 2.3 and JEDI WSCL 0.9.3\jwa\branches\2.3\Includes;e:\pjh\Dev\Lang\Delphi\OpenSrc\lib\OmniXML;E:\pjh\project\common\LKSLEventUnits;E:\pjh\project\OpenSrc\lib\LKSL-master\Source\Lib\Pascal</DCC_UnitSearchPath>
        <VerInfo_IncludeVerInfo>true</VerInfo_IncludeVerInfo>
        <VerInfo_Locale>1033</VerInfo_Locale>
    </PropertyGroup>
    <PropertyGroup Condition="'$(Cfg_2)'!=''">
        <DCC_LocalDebugSymbols>false</DCC_LocalDebugSymbols>
        <DCC_Define>RELEASE;$(DCC_Define)</DCC_Define>
        <DCC_SymbolReferenceInfo>0</DCC_SymbolReferenceInfo>
        <DCC_DebugInformation>0</DCC_DebugInformation>
    </PropertyGroup>
    <PropertyGroup Condition="'$(Cfg_2_Win32)'!=''">
        <DCC_DebugInfoInExe>true</DCC_DebugInfoInExe>
        <DCC_RemoteDebug>true</DCC_RemoteDebug>
        <DCC_UsePackage>NxSheetRun_dxe5;NxCollectionDsgn_dxe5;NxCollectionRun_dxe5;NxCommonDsgn_dxe5;NxCommonRun_dxe5;NxDBGridDsgn_dxe5;NxDBGridRun_dxe5;NxGridDsgn_dxe5;NxGridRun_dxe5;NxInspectorDsgn_dxe5;NxInspectorRun_dxe5;</DCC_UsePackage>
        <Debugger_RunParams>.</Debugger_RunParams>
        <Manifest_File>HiMECS_Watch2p.manifest</Manifest_File>
        <DCC_ExeOutput>E:\pjh\project\util\HiMECS\Application\Bin\Applications\</DCC_ExeOutput>
        <DCC_UnitSearchPath>E:\pjh\project\Common\DeCAL;E:\pjh\project\util\HiMECS\Application\Utility\ModbusComm_kumo\common;E:\pjh\project\util\HiMECS\Application\Utility\Watch2\common;E:\pjh\project\util\HiMECS\Application\Utility\CommonFrame;E:\pjh\project\Common;E:\pjh\project\util\HiMECS\Application\Source\Common;E:\pjh\project\common\mORMot;E:\pjh\project\common\mORMot\SQLite3;E:\vcl\extlib;E:\pjh\project\util\VisualComm\Component;E:\pjh\project\util\HiMECS\Application\Utility\ModbusComm_Kral\common;E:\pjh\project\util\HiMECS\Application\Utility\ModbusComm_Kral\FlowMeterMonitoring\common;E:\pjh\project\util\HiMECS\Application\Utility\ModbusComm_HIC\common;E:\pjh\project\util\HiMECS\Application\Utility\ModbusComm_HIC;E:\pjh\project\common\Compress;C:\pjh\project\Common\DeCAL;C:\pjh\project\util\HiMECS\Application\Utility\ModbusComm_kumo\common;C:\pjh\project\util\HiMECS\Application\Utility\Watch2\common;C:\pjh\project\util\GasEngineMonitoring\modbus_comm_avat\common;C:\pjh\project\util\GasEngineMonitoring\gui\common;C:\pjh\project\util\HiMECS\Application\Utility\CommonFrame;C:\pjh\project\Common;C:\pjh\project\util\HiMECS\Application\Source\Common;E:\pjh\project\util\HiMECS\Application\Utility\ModbusComm_내구시험장;E:\pjh\project\common\robstechcorner\rtti;E:\pjh\project\common\LKSLEventUnits;$(DCC_UnitSearchPath)</DCC_UnitSearchPath>
        <VerInfo_IncludeVerInfo>true</VerInfo_IncludeVerInfo>
        <VerInfo_Locale>1033</VerInfo_Locale>
    </PropertyGroup>
    <ItemGroup>
        <DelphiCompile Include="$(MainSource)">
            <MainSource>MainSource</MainSource>
        </DelphiCompile>
        <RcCompile Include="..\..\..\..\..\..\..\project\util\HiMECS\Application\Utility\Watch2\PipeFlowDesigneR_RegInfo.rc">
            <Form>PipeFlowDesigneR_RegInfo.res</Form>
        </RcCompile>
        <DCCReference Include="..\..\..\..\..\..\..\project\util\HiMECS\Application\Utility\Watch2\WatchConfig2.pas">
            <Form>WatchConfigF</Form>
        </DCCReference>
        <DCCReference Include="..\..\..\..\..\..\..\project\util\HiMECS\Application\Source\Common\HiMECSConst.pas"/>
        <DCCReference Include="..\..\..\..\..\..\..\project\util\HiMECS\Application\Utility\Watch2\UnitAxisSelect.pas">
            <Form>AxisSelectF</Form>
        </DCCReference>
        <DCCReference Include="..\..\..\..\..\..\..\project\util\HiMECS\Application\Utility\Watch2\UnitAlarmConfig.pas">
            <Form>AlarmConfigF</Form>
        </DCCReference>
        <DCCReference Include="..\..\..\..\..\..\..\project\util\HiMECS\Application\Utility\Watch2\UnitAlarmList.pas"/>
        <DCCReference Include="..\..\..\..\..\..\..\project\util\HiMECS\Application\Utility\Watch2\WatchConst2.pas"/>
        <DCCReference Include="UnitCopyWatchList2.pas">
            <Form>CopyWatchListF</Form>
        </DCCReference>
        <DCCReference Include="..\..\..\..\..\..\..\project\util\VisualComm\frmMainInterface.pas"/>
        <DCCReference Include="..\..\..\..\..\..\..\project\util\VisualComm\Component\pjhDesignCompIntf.pas"/>
        <DCCReference Include="..\..\..\..\..\..\..\project\util\VisualComm\util\UtilUnit.pas"/>
        <DCCReference Include="..\..\..\..\..\..\..\project\util\HiMECS\Application\Utility\Watch2\pjhPanel.pas"/>
        <DCCReference Include="..\..\..\..\..\..\..\project\util\VisualComm\frmDocInterface.pas"/>
        <DCCReference Include="..\..\..\..\..\..\..\project\util\VisualComm\Component\ScrollPanel2.pas"/>
        <DCCReference Include="..\HiMECS_Common\UnitSetMatrix2.pas"/>
        <DCCReference Include="..\..\..\..\..\..\..\project\util\HiMECS\Application\Utility\Watch2\UnitCaptionInput.pas">
            <Form>CaptionInputF</Form>
        </DCCReference>
        <DCCReference Include="..\..\..\..\..\..\..\project\util\HiMECS\Application\Source\Common\IPCThrd_HiMECS_MDI.pas"/>
        <DCCReference Include="..\..\..\..\..\..\..\project\util\HiMECS\Application\Utility\ModbusComm_kumo\common\CommonUtil.pas"/>
        <DCCReference Include="..\..\..\..\..\..\..\project\util\HiMECS\Application\Utility\Watch2\UnitCopyModeMenu.pas">
            <Form>CopyModeMenuF</Form>
        </DCCReference>
        <DCCReference Include="..\..\..\..\..\..\..\project\common\WindowUtil.pas"/>
        <DCCReference Include="..\..\..\..\..\..\..\project\util\HiMECS\Application\Utility\CommonFrame\IPCMonitorInterface.pas"/>
        <DCCReference Include="..\..\..\..\..\..\..\project\util\HiMECS\Application\Source\Forms\UnitSelectUser.pas">
            <Form>SelectUserF</Form>
        </DCCReference>
        <DCCReference Include="..\..\..\..\..\..\..\project\common\Generics.Legacy.pas"/>
        <DCCReference Include="..\..\..\..\..\..\..\project\util\GSManage\VesselList\UnitEngineMasterData.pas"/>
        <DCCReference Include="..\..\..\..\..\..\..\project\util\HiMECS\Application\Utility\ModbusCommunication\UnitModbusComConst.pas"/>
        <DCCReference Include="..\..\..\..\..\..\..\project\util\VisualComm\Component\pjhxIOComp\pjhPipeFlowInterface.pas"/>
        <DCCReference Include="..\..\..\..\..\..\..\project\common\UnitSelectControl.pas"/>
        <DCCReference Include="..\..\..\..\..\..\..\project\util\VisualComm\Component\pjhJvComp\pjhTJvTransparentButtonConst.pas"/>
        <DCCReference Include="..\..\..\..\..\..\..\project\util\VisualComm\Component\pjhxIOComp\UnitRevFlowInterface.pas"/>
        <DCCReference Include="..\..\..\..\..\..\..\vcl\pjhComponent\xIOComp\UnitPipeData.pas"/>
        <DCCReference Include="..\..\..\..\..\..\..\project\common\UnitEnumHelper.pas"/>
        <DCCReference Include="..\HiMECS_SimulateServer\UnitSimulateParamCommandLineOption2.pas"/>
        <DCCReference Include="..\..\..\..\..\..\..\project\util\GSManage\CertManage\UnitHGSCurriculumData.pas"/>
        <DCCReference Include="..\..\..\..\..\..\..\project\common\Forms\FrmStringsEdit.pas">
            <Form>pjhStringsEditorDlg</Form>
        </DCCReference>
        <DCCReference Include="..\..\..\..\..\..\..\project\util\HiMECS\Application\Utility\SimulateParamServer\UnitSimulateCommonData.pas"/>
        <DCCReference Include="..\..\..\..\..\..\..\project\OpenSrc\lib\DelphiDabbler\sndkey32.pas"/>
        <DCCReference Include="..\..\..\..\..\..\..\project\util\VisualComm\Component\pjhJvComp\UnitTransparentBtnInterface.pas"/>
        <DCCReference Include="..\HiMECS_SimulateServer\UnitSimulateParamRecord2.pas"/>
        <DCCReference Include="..\..\..\GSManage\VesselList\UnitVesselData2.pas"/>
        <DCCReference Include="..\HiMECS_Common\HiMECSWatchCommon2.pas"/>
        <DCCReference Include="..\HiMECS_Common\UnitParameterManager2.pas">
            <Form>$R *.res</Form>
        </DCCReference>
        <DCCReference Include="..\HiMECS_Common\UnitFrameWatchGrid2.pas">
            <Form>FrameWatchGrid2</Form>
            <FormType>dfm</FormType>
            <DesignClass>TFrame</DesignClass>
        </DCCReference>
        <DCCReference Include="..\..\..\..\NoGitHub\Frame2\UnitFrameIPCMonitorAll2.pas">
            <Form>FrameIPCMonitor2</Form>
            <FormType>dfm</FormType>
            <DesignClass>TFrame</DesignClass>
        </DCCReference>
        <DCCReference Include="HiMECS_Watch2.pas">
            <Form>WatchF2</Form>
            <FormType>dfm</FormType>
        </DCCReference>
        <DCCReference Include="..\..\..\..\..\..\..\vcl\pjhComponent\xIOComp\UnitJHCustomComponent.pas"/>
        <DCCReference Include="..\..\..\..\..\..\..\project\common\Forms\FrmInputEdit.pas">
            <FormType>dfm</FormType>
        </DCCReference>
        <DCCReference Include="UnitBalloonConst2.pas"/>
        <DCCReference Include="..\..\..\..\..\..\..\project\util\VisualComm\Component\pjhDelphiStandardComp\pjhBalloonCompIntf.pas"/>
        <DCCReference Include="..\..\..\..\OpenSrc\lib\Delphi-Mocks-master\Source\Delphi.Mocks.Helpers.pas"/>
        <None Include="HiMECSWatch2.todo"/>
        <None Include="..\..\..\..\..\..\..\project\util\HiMECS\Application\Source\Common\HiMECS.inc"/>
        <BuildConfiguration Include="Release">
            <Key>Cfg_2</Key>
            <CfgParent>Base</CfgParent>
        </BuildConfiguration>
        <BuildConfiguration Include="Base">
            <Key>Base</Key>
        </BuildConfiguration>
        <BuildConfiguration Include="Debug">
            <Key>Cfg_1</Key>
            <CfgParent>Base</CfgParent>
        </BuildConfiguration>
    </ItemGroup>
    <Import Condition="Exists('$(BDS)\Bin\CodeGear.Delphi.Targets')" Project="$(BDS)\Bin\CodeGear.Delphi.Targets"/>
    <ProjectExtensions>
        <Borland.Personality>Delphi.Personality.12</Borland.Personality>
        <Borland.ProjectType/>
        <BorlandProject>
            <Delphi.Personality>
                <VersionInfo>
                    <VersionInfo Name="IncludeVerInfo">False</VersionInfo>
                    <VersionInfo Name="AutoIncBuild">False</VersionInfo>
                    <VersionInfo Name="MajorVer">1</VersionInfo>
                    <VersionInfo Name="MinorVer">0</VersionInfo>
                    <VersionInfo Name="Release">0</VersionInfo>
                    <VersionInfo Name="Build">0</VersionInfo>
                    <VersionInfo Name="Debug">False</VersionInfo>
                    <VersionInfo Name="PreRelease">False</VersionInfo>
                    <VersionInfo Name="Special">False</VersionInfo>
                    <VersionInfo Name="Private">False</VersionInfo>
                    <VersionInfo Name="DLL">False</VersionInfo>
                    <VersionInfo Name="Locale">1042</VersionInfo>
                    <VersionInfo Name="CodePage">949</VersionInfo>
                </VersionInfo>
                <VersionInfoKeys>
                    <VersionInfoKeys Name="CompanyName"/>
                    <VersionInfoKeys Name="FileDescription"/>
                    <VersionInfoKeys Name="FileVersion">1.0.0.0</VersionInfoKeys>
                    <VersionInfoKeys Name="InternalName"/>
                    <VersionInfoKeys Name="LegalCopyright"/>
                    <VersionInfoKeys Name="LegalTrademarks"/>
                    <VersionInfoKeys Name="OriginalFilename"/>
                    <VersionInfoKeys Name="ProductName"/>
                    <VersionInfoKeys Name="ProductVersion">1.0.0.0</VersionInfoKeys>
                    <VersionInfoKeys Name="Comments"/>
                </VersionInfoKeys>
                <Source>
                    <Source Name="MainSource">HiMECSWatch2.dpr</Source>
                </Source>
                <Excluded_Packages>
                    <Excluded_Packages Name="E:\pjh\project\util\VisualComm\Component\bpl\pjhDelphiStandardPkg.bpl">(untitled)</Excluded_Packages>
                    <Excluded_Packages Name="$(BDSBIN)\dcloffice2k190.bpl">Microsoft Office 2000 Sample Automation Server Wrapper Components</Excluded_Packages>
                    <Excluded_Packages Name="$(BDSBIN)\dclofficexp190.bpl">Microsoft Office XP Sample Automation Server Wrapper Components</Excluded_Packages>
                </Excluded_Packages>
                <Parameters>
                    <Parameters Name="RunParams">/p201111281040154993</Parameters>
                </Parameters>
            </Delphi.Personality>
            <Platforms>
                <Platform value="Win32">True</Platform>
                <Platform value="Win64">False</Platform>
            </Platforms>
        </BorlandProject>
        <ProjectFileVersion>12</ProjectFileVersion>
    </ProjectExtensions>
    <Import Condition="Exists('$(APPDATA)\Embarcadero\$(BDSAPPDATABASEDIR)\$(PRODUCTVERSION)\UserTools.proj')" Project="$(APPDATA)\Embarcadero\$(BDSAPPDATABASEDIR)\$(PRODUCTVERSION)\UserTools.proj"/>
</Project>
