<Project xmlns="http://schemas.microsoft.com/developer/msbuild/2003">
    <PropertyGroup>
        <ProjectGuid>{0F2DEB7E-E847-4BF3-89C7-3E0A3E053F02}</ProjectGuid>
        <ProjectVersion>15.3</ProjectVersion>
        <FrameworkType>VCL</FrameworkType>
        <MainSource>ReverseProxySvr.dpr</MainSource>
        <Base>True</Base>
        <Config Condition="'$(Config)'==''">Debug</Config>
        <Platform Condition="'$(Platform)'==''">Win32</Platform>
        <TargetedPlatforms>1</TargetedPlatforms>
        <AppType>Application</AppType>
    </PropertyGroup>
    <PropertyGroup Condition="'$(Config)'=='Base' or '$(Base)'!=''">
        <Base>true</Base>
    </PropertyGroup>
    <PropertyGroup Condition="('$(Platform)'=='Win32' and '$(Base)'=='true') or '$(Base_Win32)'!=''">
        <Base_Win32>true</Base_Win32>
        <CfgParent>Base</CfgParent>
        <Base>true</Base>
    </PropertyGroup>
    <PropertyGroup Condition="('$(Platform)'=='Win64' and '$(Base)'=='true') or '$(Base_Win64)'!=''">
        <Base_Win64>true</Base_Win64>
        <CfgParent>Base</CfgParent>
        <Base>true</Base>
    </PropertyGroup>
    <PropertyGroup Condition="'$(Config)'=='Debug' or '$(Cfg_1)'!=''">
        <Cfg_1>true</Cfg_1>
        <CfgParent>Base</CfgParent>
        <Base>true</Base>
    </PropertyGroup>
    <PropertyGroup Condition="('$(Platform)'=='Win32' and '$(Cfg_1)'=='true') or '$(Cfg_1_Win32)'!=''">
        <Cfg_1_Win32>true</Cfg_1_Win32>
        <CfgParent>Cfg_1</CfgParent>
        <Cfg_1>true</Cfg_1>
        <Base>true</Base>
    </PropertyGroup>
    <PropertyGroup Condition="'$(Config)'=='Release' or '$(Cfg_2)'!=''">
        <Cfg_2>true</Cfg_2>
        <CfgParent>Base</CfgParent>
        <Base>true</Base>
    </PropertyGroup>
    <PropertyGroup Condition="'$(Base)'!=''">
        <DCC_Namespace>System;Xml;Data;Datasnap;Web;Soap;Vcl;Vcl.Imaging;Vcl.Touch;Vcl.Samples;Vcl.Shell;$(DCC_Namespace)</DCC_Namespace>
        <Icon_MainIcon>$(BDS)\bin\delphi_PROJECTICON.ico</Icon_MainIcon>
        <DCC_DcuOutput>.\$(Platform)\$(Config)</DCC_DcuOutput>
        <DCC_ExeOutput>.\$(Platform)\$(Config)</DCC_ExeOutput>
        <DCC_E>false</DCC_E>
        <DCC_N>false</DCC_N>
        <DCC_S>false</DCC_S>
        <DCC_F>false</DCC_F>
        <DCC_K>false</DCC_K>
    </PropertyGroup>
    <PropertyGroup Condition="'$(Base_Win32)'!=''">
        <VerInfo_Keys>CompanyName=;FileDescription=;FileVersion=1.0.0.0;InternalName=;LegalCopyright=;LegalTrademarks=;OriginalFilename=;ProductName=;ProductVersion=1.0.0.0;Comments=</VerInfo_Keys>
        <Manifest_File>$(BDS)\bin\default_app.manifest</Manifest_File>
        <DCC_Namespace>Winapi;System.Win;Data.Win;Datasnap.Win;Web.Win;Soap.Win;Xml.Win;Bde;$(DCC_Namespace)</DCC_Namespace>
        <VerInfo_IncludeVerInfo>true</VerInfo_IncludeVerInfo>
        <VerInfo_Locale>1033</VerInfo_Locale>
        <DCC_UsePackage>ggbar;JvGlobus;JvMM;JvManagedThreads;pjhTMSSmoothCompPkg;Spring.Data;FireDACPgDriver;NxCommonRun_dxe5;JvCrypt;tmswizdXE5;IndySystem190;DBXInterBaseDriver;DataSnapServer;DataSnapCommon;GLScene_RunTime;JvNet;JvDotNetCtrls;DbxCommonDriver;DDuce.Components;vclimg;dbxcds;DatasnapConnectorsFreePascal;IndyCore190;JvXPCtrls;sdlbasepack_rt_105X5;sdlmathpack_rt_105X5;ggbutton;vcldb;WebView4DelphiVCLRTL;NxGrid6Dsgn_dxe5;NxStandard6Dsgn_dxe5;DCP_XE5;CustomIPTransport;SynEdit_RXE5;dsnap;NxInspectorRun_dxe5;CloudService;NxStandard6Run_dxe5;FireDACIBDriver;JvDB;JvRuntimeDesign;DragDropDXE5;TelegramBotComp;OmniThreadLibraryRuntime;JclDeveloperTools;FireDACDb2Driver;pjhTMSCompPkg;adxolBuildD19;NxGridDsgn_dxe5;dacfmx190;bindcompfmx;vcldbx;IocompDelphiXE5;FireDACODBCDriver;pjhIOCompPlotPkg;zControls_R;dbrtl;FireDACCommon;bindcomp;inetdb;JvPluginSystem;sdlchartpack_rt_105X5;DBXOdbcDriver;LabelPack;JvCmp;vclFireDAC;adxBuildD19;JvTimeFramework;xmlrtl;NxSheetRun_dxe5;FireDACCommonDriver;pjhIOCompStdPkg;soaprtl;bindengine;vclactnband;HListBox_XE5;A1_pjhCommonUnit4ExtLib;bindcompvcl;Jcl;vclie;sdlguipack_rt_105X5;NxDBGrid6Run_dxe5;UtilPkg;ExtLib_D_DXE5;sdlguipack_105X5;odacvcl190;IcsCommonDXE5Run;OLSecManD19;DBXInformixDriver;FireDACMSSQLDriver;xIOComp;NxCollectionDsgn_dxe5;dsnapcon;DBXFirebirdDriver;inet;JvPascalInterpreter;FireDACMySQLDriver;BCHexEditor.Package.Runtime;vclx;DBXSybaseASADriver;RESTComponents;NxCollection6Run_dxe5;CEF4DelphiFMXRTL;dbexpress;JvBDE;tmsdXE5;FireDACSqliteDriver;ZComponent;DBXSqliteDriver;fmx;NxInspector6Dsgn_dxe5;JvDlgs;sdlmathpack_105X5;pjhxIOCompPkg;dacvcl190;inetdbbde;DataSnapClient;NxCommonDsgn_dxe5;DataSnapProviderClient;DBXSybaseASEDriver;DDuce.Modules;MetropolisUILiveTile;pkCindyPackDXE5;vcldsnap;fmxFireDAC;IcsVclDXE5Run;DBXDb2Driver;DBXOracleDriver;JvCore;vclribbon;fmxase;vcl;ComponentPackExRun;Python_D;DBXMSSQLDriver;CodeSiteExpressPkg;odac190;DataSnapFireDAC;FireDACDBXDriver;JvAppFrm;inetdbxpress;BCEditor.Delphi.XE5.Runtime;A2_pjhCompSharedPkg;JvDocking;adortl;DelphiModbusXE5;JvWizards;NxDBGrid6Dsgn_dxe5;FireDACASADriver;JvHMI;NxLayout6Run_dxe5;JvBands;NxDBGridRun_dxe5;ZDbc;rtl;DbxClientDriver;ZPlain;cepack;JclContainers;ChromeTabs_R;NxCollection6Dsgn_dxe5;JvSystem;svnui;JvControls;DBXMySQLDriver;NLDArrows70;DDuce.Core;tmsxlsdXE5;sdlchartpack_105X5;bindcompdbx;IndyProtocols190;JvJans;JvPrintPreview;JvPageComps;dd_PJComponents;JvStdCtrls;JvCustom;FireDACADSDriver;vcltouch;ZCore;PngComponents;dac190;NxGridRun_dxe5;NxDBGridDsgn_dxe5;VclSmp;FireDAC;VCLRESTComponents;CEF4DelphiVCLRTL;DataSnapConnectors;FireDACDataSnapDriver;NLDSideBar70;NxInspectorDsgn_dxe5;fmxobj;JclVcl;NLDXPSelection70;ZParseSql;svn;tmsexdXE5;fmxdae;NxGrid6Run_dxe5;FireDACOracleDriver;bdertl;NxCollectionRun_dxe5;VirtualTreesR;FireDACMSAccDriver;DataSnapIndy10ServerTransport;NxInspector6Run_dxe5;$(DCC_UsePackage)</DCC_UsePackage>
    </PropertyGroup>
    <PropertyGroup Condition="'$(Base_Win64)'!=''">
        <DCC_UsePackage>Spring.Data;FireDACPgDriver;NxCommonRun_dxe5;IndySystem190;DBXInterBaseDriver;DataSnapServer;DataSnapCommon;DbxCommonDriver;DDuce.Components;vclimg;dbxcds;DatasnapConnectorsFreePascal;IndyCore190;sdlbasepack_rt_105X5;sdlmathpack_rt_105X5;vcldb;WebView4DelphiVCLRTL;NxGrid6Dsgn_dxe5;NxStandard6Dsgn_dxe5;CustomIPTransport;SynEdit_RXE5;dsnap;NxInspectorRun_dxe5;CloudService;NxStandard6Run_dxe5;FireDACIBDriver;DragDropDXE5;OmniThreadLibraryRuntime;FireDACDb2Driver;adxolBuildD19;NxGridDsgn_dxe5;bindcompfmx;FireDACODBCDriver;zControls_R;dbrtl;FireDACCommon;bindcomp;inetdb;sdlchartpack_rt_105X5;DBXOdbcDriver;vclFireDAC;adxBuildD19;xmlrtl;NxSheetRun_dxe5;FireDACCommonDriver;soaprtl;bindengine;vclactnband;bindcompvcl;vclie;sdlguipack_rt_105X5;NxDBGrid6Run_dxe5;sdlguipack_105X5;IcsCommonDXE5Run;OLSecManD19;DBXInformixDriver;FireDACMSSQLDriver;NxCollectionDsgn_dxe5;dsnapcon;DBXFirebirdDriver;inet;FireDACMySQLDriver;vclx;DBXSybaseASADriver;RESTComponents;NxCollection6Run_dxe5;CEF4DelphiFMXRTL;dbexpress;tmsdXE5;FireDACSqliteDriver;ZComponent;DBXSqliteDriver;fmx;NxInspector6Dsgn_dxe5;sdlmathpack_105X5;DataSnapClient;NxCommonDsgn_dxe5;DataSnapProviderClient;DBXSybaseASEDriver;DDuce.Modules;MetropolisUILiveTile;vcldsnap;fmxFireDAC;IcsVclDXE5Run;DBXDb2Driver;DBXOracleDriver;vclribbon;fmxase;vcl;DBXMSSQLDriver;DataSnapFireDAC;FireDACDBXDriver;inetdbxpress;BCEditor.Delphi.XE5.Runtime;adortl;DelphiModbusXE5;FireDACASADriver;NxLayout6Run_dxe5;NxDBGridRun_dxe5;ZDbc;rtl;DbxClientDriver;ZPlain;NxCollection6Dsgn_dxe5;DBXMySQLDriver;DDuce.Core;tmsxlsdXE5;sdlchartpack_105X5;bindcompdbx;FireDACADSDriver;vcltouch;ZCore;PngComponents;NxGridRun_dxe5;NxDBGridDsgn_dxe5;VclSmp;FireDAC;VCLRESTComponents;CEF4DelphiVCLRTL;DataSnapConnectors;FireDACDataSnapDriver;NxInspectorDsgn_dxe5;fmxobj;ZParseSql;tmsexdXE5;fmxdae;NxGrid6Run_dxe5;FireDACOracleDriver;NxCollectionRun_dxe5;VirtualTreesR;FireDACMSAccDriver;DataSnapIndy10ServerTransport;NxInspector6Run_dxe5;$(DCC_UsePackage)</DCC_UsePackage>
    </PropertyGroup>
    <PropertyGroup Condition="'$(Cfg_1)'!=''">
        <DCC_Define>DEBUG;$(DCC_Define)</DCC_Define>
        <DCC_DebugDCUs>true</DCC_DebugDCUs>
        <DCC_Optimize>false</DCC_Optimize>
        <DCC_GenerateStackFrames>true</DCC_GenerateStackFrames>
        <DCC_DebugInfoInExe>true</DCC_DebugInfoInExe>
        <DCC_RemoteDebug>true</DCC_RemoteDebug>
    </PropertyGroup>
    <PropertyGroup Condition="'$(Cfg_1_Win32)'!=''">
        <VerInfo_Locale>1033</VerInfo_Locale>
        <DCC_UnitSearchPath>E:\pjh\Dev\Lang\Delphi\OpenSrc\lib\mORMot2-master\src;E:\pjh\Dev\Lang\Delphi\OpenSrc\lib\mORMot2-master\src\core;E:\pjh\Dev\Lang\Delphi\OpenSrc\lib\mORMot2-master\src\crypt;E:\pjh\Dev\Lang\Delphi\OpenSrc\lib\mORMot2-master\src\db;E:\pjh\Dev\Lang\Delphi\OpenSrc\lib\mORMot2-master\src\ddd;E:\pjh\Dev\Lang\Delphi\OpenSrc\lib\mORMot2-master\src\lib;E:\pjh\Dev\Lang\Delphi\OpenSrc\lib\mORMot2-master\src\misc;E:\pjh\Dev\Lang\Delphi\OpenSrc\lib\mORMot2-master\src\net;E:\pjh\Dev\Lang\Delphi\OpenSrc\lib\mORMot2-master\src\orm;E:\pjh\Dev\Lang\Delphi\OpenSrc\lib\mORMot2-master\src\rest;E:\pjh\Dev\Lang\Delphi\OpenSrc\lib\mORMot2-master\src\soa;E:\pjh\Dev\Lang\Delphi\common;E:\pjh\project\common;$(DCC_UnitSearchPath)</DCC_UnitSearchPath>
        <VerInfo_IncludeVerInfo>true</VerInfo_IncludeVerInfo>
        <DCC_DcuOutput>Y:\pjh\Dcu\Win32\$(MSBuildProjectName)</DCC_DcuOutput>
        <DCC_RemoteDebug>false</DCC_RemoteDebug>
    </PropertyGroup>
    <PropertyGroup Condition="'$(Cfg_2)'!=''">
        <DCC_LocalDebugSymbols>false</DCC_LocalDebugSymbols>
        <DCC_Define>RELEASE;$(DCC_Define)</DCC_Define>
        <DCC_SymbolReferenceInfo>0</DCC_SymbolReferenceInfo>
        <DCC_DebugInformation>0</DCC_DebugInformation>
    </PropertyGroup>
    <ItemGroup>
        <DelphiCompile Include="$(MainSource)">
            <MainSource>MainSource</MainSource>
        </DelphiCompile>
        <DCCReference Include="FrmReverseProxySvr.pas">
            <Form>ReverseProxyF</Form>
            <FormType>dfm</FormType>
        </DCCReference>
        <DCCReference Include="FrmPortForward.pas">
            <Form>Form1</Form>
            <FormType>dfm</FormType>
        </DCCReference>
        <DCCReference Include="UProxyType.pas"/>
        <DCCReference Include="UProxyClass.pas"/>
        <DCCReference Include="UProxyWorkerThrd.pas"/>
        <DCCReference Include="UProyConfig.pas"/>
        <BuildConfiguration Include="Release">
            <Key>Cfg_2</Key>
            <CfgParent>Base</CfgParent>
        </BuildConfiguration>
        <BuildConfiguration Include="Base">
            <Key>Base</Key>
        </BuildConfiguration>
        <BuildConfiguration Include="Debug">
            <Key>Cfg_1</Key>
            <CfgParent>Base</CfgParent>
        </BuildConfiguration>
    </ItemGroup>
    <ProjectExtensions>
        <Borland.Personality>Delphi.Personality.12</Borland.Personality>
        <Borland.ProjectType/>
        <BorlandProject>
            <Delphi.Personality>
                <VersionInfo>
                    <VersionInfo Name="IncludeVerInfo">False</VersionInfo>
                    <VersionInfo Name="AutoIncBuild">False</VersionInfo>
                    <VersionInfo Name="MajorVer">1</VersionInfo>
                    <VersionInfo Name="MinorVer">0</VersionInfo>
                    <VersionInfo Name="Release">0</VersionInfo>
                    <VersionInfo Name="Build">0</VersionInfo>
                    <VersionInfo Name="Debug">False</VersionInfo>
                    <VersionInfo Name="PreRelease">False</VersionInfo>
                    <VersionInfo Name="Special">False</VersionInfo>
                    <VersionInfo Name="Private">False</VersionInfo>
                    <VersionInfo Name="DLL">False</VersionInfo>
                    <VersionInfo Name="Locale">1042</VersionInfo>
                    <VersionInfo Name="CodePage">949</VersionInfo>
                </VersionInfo>
                <VersionInfoKeys>
                    <VersionInfoKeys Name="CompanyName"/>
                    <VersionInfoKeys Name="FileDescription"/>
                    <VersionInfoKeys Name="FileVersion">1.0.0.0</VersionInfoKeys>
                    <VersionInfoKeys Name="InternalName"/>
                    <VersionInfoKeys Name="LegalCopyright"/>
                    <VersionInfoKeys Name="LegalTrademarks"/>
                    <VersionInfoKeys Name="OriginalFilename"/>
                    <VersionInfoKeys Name="ProductName"/>
                    <VersionInfoKeys Name="ProductVersion">1.0.0.0</VersionInfoKeys>
                    <VersionInfoKeys Name="Comments"/>
                    <VersionInfoKeys Name="CFBundleName"/>
                    <VersionInfoKeys Name="CFBundleDisplayName"/>
                    <VersionInfoKeys Name="UIDeviceFamily"/>
                    <VersionInfoKeys Name="CFBundleIdentifier"/>
                    <VersionInfoKeys Name="CFBundleVersion"/>
                    <VersionInfoKeys Name="CFBundlePackageType"/>
                    <VersionInfoKeys Name="CFBundleSignature"/>
                    <VersionInfoKeys Name="CFBundleAllowMixedLocalizations"/>
                    <VersionInfoKeys Name="UISupportedInterfaceOrientations"/>
                    <VersionInfoKeys Name="CFBundleExecutable"/>
                    <VersionInfoKeys Name="CFBundleResourceSpecification"/>
                    <VersionInfoKeys Name="LSRequiresIPhoneOS"/>
                    <VersionInfoKeys Name="CFBundleInfoDictionaryVersion"/>
                    <VersionInfoKeys Name="CFBundleDevelopmentRegion"/>
                    <VersionInfoKeys Name="package"/>
                    <VersionInfoKeys Name="label"/>
                    <VersionInfoKeys Name="versionCode"/>
                    <VersionInfoKeys Name="versionName"/>
                    <VersionInfoKeys Name="persistent"/>
                    <VersionInfoKeys Name="restoreAnyVersion"/>
                    <VersionInfoKeys Name="installLocation"/>
                    <VersionInfoKeys Name="largeHeap"/>
                    <VersionInfoKeys Name="theme"/>
                </VersionInfoKeys>
                <Source>
                    <Source Name="MainSource">ReverseProxySvr.dpr</Source>
                </Source>
                <Excluded_Packages>
                    <Excluded_Packages Name="$(BDSBIN)\dclIPIndyImpl190.bpl">IP Abstraction Indy Implementation Design Time</Excluded_Packages>
                    <Excluded_Packages Name="E:\pjh\project\util\VisualComm\Component\bpl\pjhIOCompProPkg.bpl">(untitled)</Excluded_Packages>
                    <Excluded_Packages Name="E:\pjh\project\util\VisualComm\Component\bpl\pjhDelphiStandardPkg.bpl">(untitled)</Excluded_Packages>
                    <Excluded_Packages Name="$(BDSBIN)\dcloffice2k190.bpl">Microsoft Office 2000 Sample Automation Server Wrapper Components</Excluded_Packages>
                    <Excluded_Packages Name="$(BDSBIN)\dclofficexp190.bpl">Microsoft Office XP Sample Automation Server Wrapper Components</Excluded_Packages>
                </Excluded_Packages>
            </Delphi.Personality>
            <Deployment/>
            <Platforms>
                <Platform value="Win32">True</Platform>
                <Platform value="Win64">False</Platform>
            </Platforms>
        </BorlandProject>
        <ProjectFileVersion>12</ProjectFileVersion>
    </ProjectExtensions>
    <Import Project="$(BDS)\Bin\CodeGear.Delphi.Targets" Condition="Exists('$(BDS)\Bin\CodeGear.Delphi.Targets')"/>
    <Import Project="$(APPDATA)\Embarcadero\$(BDSAPPDATABASEDIR)\$(PRODUCTVERSION)\UserTools.proj" Condition="Exists('$(APPDATA)\Embarcadero\$(BDSAPPDATABASEDIR)\$(PRODUCTVERSION)\UserTools.proj')"/>
</Project>
